{
  "name": "@wizardcoder/bl-model",
  "version": "0.19.13",
  "lockfileVersion": 1,
  "requires": true,
  "dependencies": {
    "prettier": {
      "version": "1.16.1",
      "resolved": "https://registry.npmjs.org/prettier/-/prettier-1.16.1.tgz",
      "integrity": "sha512-XXUITwIkGb3CPJ2hforHah/zTINRyie5006Jd2HKy2qz7snEJXl0KLfsJZW/wst9g6R2rFvqba3VpNYdu1hDcA==",
      "dev": true
    },
    "typescript": {
      "version": "2.6.1",
      "resolved": "https://registry.npmjs.org/typescript/-/typescript-2.6.1.tgz",
      "integrity": "sha1-7znN6ierrAtQAkLWcmq5DgyEZjE="
    }
  }
}
